
Microsoft Visual Studio Solution File, Format Version 12.00
# Visual Studio Version 17
VisualStudioVersion = 17.14.37411.7 d17.14
MinimumVisualStudioVersion = 10.0.40219.1
Project("{FAE04EC0-301F-11D3-BF4B-00C04F79EFBC}") = "Backend_App", "Backend_App\Backend_App.csproj", "{4F5E2467-2D82-495E-A9C1-E0B62799358C}"
EndProject
Global
	GlobalSection(SolutionConfigurationPlatforms) = preSolution
		Debug|Any CPU = Debug|Any CPU
		Release|Any CPU = Release|Any CPU
	EndGlobalSection
	GlobalSection(ProjectConfigurationPlatforms) = postSolution
		{4F5E2467-2D82-495E-A9C1-E0B62799358C}.Debug|Any CPU.ActiveCfg = Debug|Any CPU
		{4F5E2467-2D82-495E-A9C1-E0B62799358C}.Debug|Any CPU.Build.0 = Debug|Any CPU
		{4F5E2467-2D82-495E-A9C1-E0B62799358C}.Release|Any CPU.ActiveCfg = Release|Any CPU
		{4F5E2467-2D82-495E-A9C1-E0B62799358C}.Release|Any CPU.Build.0 = Release|Any CPU
	EndGlobalSection
	GlobalSection(SolutionProperties) = preSolution
		HideSolutionNode = FALSE
	EndGlobalSection
	GlobalSection(ExtensibilityGlobals) = postSolution
		SolutionGuid = {4787E1FA-F243-4506-9A93-DA9B17A9E66D}
	EndGlobalSection
EndGlobal
